
Microsoft Visual Studio Solution File, Format Version 12.00
# Visual Studio Version 16
VisualStudioVersion = 16.0.31410.357
MinimumVisualStudioVersion = 10.0.40219.1
Project("{2150E333-8FDC-42A3-9474-1A3956D46DE8}") = "1 - Application", "1 - Application", "{B8E26ACC-2D70-4B07-A87C-EAE00561662E}"
EndProject
Project("{2150E333-8FDC-42A3-9474-1A3956D46DE8}") = "2 - Service", "2 - Service", "{8C5A1D4D-8757-4359-B05C-E22DC0B2B55C}"
EndProject
Project("{2150E333-8FDC-42A3-9474-1A3956D46DE8}") = "3 - Domain", "3 - Domain", "{60D5AAA3-1DA1-4A28-AF7C-277EE5FAFE16}"
EndProject
Project("{2150E333-8FDC-42A3-9474-1A3956D46DE8}") = "4 - Infra", "4 - Infra", "{7434BFED-6744-425F-BE26-90AEBE423CA0}"
EndProject
Project("{2150E333-8FDC-42A3-9474-1A3956D46DE8}") = "4 - 2 CrossCutting", "4 - 2 CrossCutting", "{F76519C3-7784-4C6F-B44B-8379EFB9C366}"
EndProject
Project("{2150E333-8FDC-42A3-9474-1A3956D46DE8}") = "4 - 1 Data", "4 - 1 Data", "{DB14CD39-A8CF-4329-8BC1-7716B4BB6E00}"
EndProject
Project("{9A19103F-16F7-4668-BE54-9A1E7A4F7556}") = "APIControleDePonto", "APIControleDePonto\APIControleDePonto.csproj", "{E0CA6BB7-40C8-4B7C-9D2E-B031CC8FBDB2}"
EndProject
Project("{9A19103F-16F7-4668-BE54-9A1E7A4F7556}") = "Service", "Service\Service.csproj", "{CE7709CE-8CCF-473B-920D-5C5695EB4C84}"
EndProject
Project("{9A19103F-16F7-4668-BE54-9A1E7A4F7556}") = "Domain", "Domain\Domain.csproj", "{68010A4E-D525-46B0-84A3-5DCB27A2CBBB}"
EndProject
Project("{9A19103F-16F7-4668-BE54-9A1E7A4F7556}") = "Data", "Data\Data.csproj", "{1F287BA0-AB9F-4F8B-9250-F1D43521F71C}"
EndProject
Project("{9A19103F-16F7-4668-BE54-9A1E7A4F7556}") = "CrossCutting", "CrossCutting\CrossCutting.csproj", "{D5FD0794-5C45-4FCE-A876-F7838DA2C4A5}"
EndProject
Project("{2150E333-8FDC-42A3-9474-1A3956D46DE8}") = "5 - test", "5 - test", "{9260C44C-2024-4048-ABCF-465A99CB4F20}"
EndProject
Project("{FAE04EC0-301F-11D3-BF4B-00C04F79EFBC}") = "Tests", "Tests\Tests.csproj", "{2030B9B5-3DB0-4D21-B4A0-FF751A7B5BD3}"
EndProject
Global
	GlobalSection(SolutionConfigurationPlatforms) = preSolution
		Debug|Any CPU = Debug|Any CPU
		Release|Any CPU = Release|Any CPU
	EndGlobalSection
	GlobalSection(ProjectConfigurationPlatforms) = postSolution
		{E0CA6BB7-40C8-4B7C-9D2E-B031CC8FBDB2}.Debug|Any CPU.ActiveCfg = Debug|Any CPU
		{E0CA6BB7-40C8-4B7C-9D2E-B031CC8FBDB2}.Debug|Any CPU.Build.0 = Debug|Any CPU
		{E0CA6BB7-40C8-4B7C-9D2E-B031CC8FBDB2}.Release|Any CPU.ActiveCfg = Release|Any CPU
		{E0CA6BB7-40C8-4B7C-9D2E-B031CC8FBDB2}.Release|Any CPU.Build.0 = Release|Any CPU
		{CE7709CE-8CCF-473B-920D-5C5695EB4C84}.Debug|Any CPU.ActiveCfg = Debug|Any CPU
		{CE7709CE-8CCF-473B-920D-5C5695EB4C84}.Debug|Any CPU.Build.0 = Debug|Any CPU
		{CE7709CE-8CCF-473B-920D-5C5695EB4C84}.Release|Any CPU.ActiveCfg = Release|Any CPU
		{CE7709CE-8CCF-473B-920D-5C5695EB4C84}.Release|Any CPU.Build.0 = Release|Any CPU
		{68010A4E-D525-46B0-84A3-5DCB27A2CBBB}.Debug|Any CPU.ActiveCfg = Debug|Any CPU
		{68010A4E-D525-46B0-84A3-5DCB27A2CBBB}.Debug|Any CPU.Build.0 = Debug|Any CPU
		{68010A4E-D525-46B0-84A3-5DCB27A2CBBB}.Release|Any CPU.ActiveCfg = Release|Any CPU
		{68010A4E-D525-46B0-84A3-5DCB27A2CBBB}.Release|Any CPU.Build.0 = Release|Any CPU
		{1F287BA0-AB9F-4F8B-9250-F1D43521F71C}.Debug|Any CPU.ActiveCfg = Debug|Any CPU
		{1F287BA0-AB9F-4F8B-9250-F1D43521F71C}.Debug|Any CPU.Build.0 = Debug|Any CPU
		{1F287BA0-AB9F-4F8B-9250-F1D43521F71C}.Release|Any CPU.ActiveCfg = Release|Any CPU
		{1F287BA0-AB9F-4F8B-9250-F1D43521F71C}.Release|Any CPU.Build.0 = Release|Any CPU
		{D5FD0794-5C45-4FCE-A876-F7838DA2C4A5}.Debug|Any CPU.ActiveCfg = Debug|Any CPU
		{D5FD0794-5C45-4FCE-A876-F7838DA2C4A5}.Debug|Any CPU.Build.0 = Debug|Any CPU
		{D5FD0794-5C45-4FCE-A876-F7838DA2C4A5}.Release|Any CPU.ActiveCfg = Release|Any CPU
		{D5FD0794-5C45-4FCE-A876-F7838DA2C4A5}.Release|Any CPU.Build.0 = Release|Any CPU
		{2030B9B5-3DB0-4D21-B4A0-FF751A7B5BD3}.Debug|Any CPU.ActiveCfg = Debug|Any CPU
		{2030B9B5-3DB0-4D21-B4A0-FF751A7B5BD3}.Debug|Any CPU.Build.0 = Debug|Any CPU
		{2030B9B5-3DB0-4D21-B4A0-FF751A7B5BD3}.Release|Any CPU.ActiveCfg = Release|Any CPU
		{2030B9B5-3DB0-4D21-B4A0-FF751A7B5BD3}.Release|Any CPU.Build.0 = Release|Any CPU
	EndGlobalSection
	GlobalSection(SolutionProperties) = preSolution
		HideSolutionNode = FALSE
	EndGlobalSection
	GlobalSection(NestedProjects) = preSolution
		{F76519C3-7784-4C6F-B44B-8379EFB9C366} = {7434BFED-6744-425F-BE26-90AEBE423CA0}
		{DB14CD39-A8CF-4329-8BC1-7716B4BB6E00} = {7434BFED-6744-425F-BE26-90AEBE423CA0}
		{E0CA6BB7-40C8-4B7C-9D2E-B031CC8FBDB2} = {B8E26ACC-2D70-4B07-A87C-EAE00561662E}
		{CE7709CE-8CCF-473B-920D-5C5695EB4C84} = {8C5A1D4D-8757-4359-B05C-E22DC0B2B55C}
		{68010A4E-D525-46B0-84A3-5DCB27A2CBBB} = {60D5AAA3-1DA1-4A28-AF7C-277EE5FAFE16}
		{1F287BA0-AB9F-4F8B-9250-F1D43521F71C} = {DB14CD39-A8CF-4329-8BC1-7716B4BB6E00}
		{D5FD0794-5C45-4FCE-A876-F7838DA2C4A5} = {F76519C3-7784-4C6F-B44B-8379EFB9C366}
		{2030B9B5-3DB0-4D21-B4A0-FF751A7B5BD3} = {9260C44C-2024-4048-ABCF-465A99CB4F20}
	EndGlobalSection
	GlobalSection(ExtensibilityGlobals) = postSolution
		SolutionGuid = {BB9187F2-33B2-4775-BB80-2C9E5D027805}
	EndGlobalSection
EndGlobal
